PODS:
  - WNPlayer-ilongge (0.0.2):
    - WNPlayer-ilongge/Category (= 0.0.2)
    - WNPlayer-ilongge/Codec (= 0.0.2)
    - WNPlayer-ilongge/Frame (= 0.0.2)
    - WNPlayer-ilongge/Public (= 0.0.2)
  - WNPlayer-ilongge/Category (0.0.2)
  - WNPlayer-ilongge/Codec (0.0.2)
  - WNPlayer-ilongge/Frame (0.0.2)
  - WNPlayer-ilongge/Public (0.0.2)

DEPENDENCIES:
  - WNPlayer-ilongge (from `../`)

EXTERNAL SOURCES:
  WNPlayer-ilongge:
    :path: "../"

SPEC CHECKSUMS:
  WNPlayer-ilongge: e2a096bdce21a5d428ea7b7ea28d585e9db74093

PODFILE CHECKSUM: 1c616241908b53c4533156184df45b854106f517

COCOAPODS: 1.10.2
