PODS:
  - WNPlayer-ilongge (0.0.2):
    - WNPlayer-ilongge/Category (= 0.0.2)
    - WNPlayer-ilongge/Codec (= 0.0.2)
    - WNPlayer-ilongge/Frame (= 0.0.2)
    - WNPlayer-ilongge/Public (= 0.0.2)
  - WNPlayer-ilongge/Category (0.0.2)
  - WNPlayer-ilongge/Codec (0.0.2)
  - WNPlayer-ilongge/Frame (0.0.2)
  - WNPlayer-ilongge/Public (0.0.2)

DEPENDENCIES:
  - WNPlayer-ilongge (from `../`)

EXTERNAL SOURCES:
  WNPlayer-ilongge:
    :path: "../"

SPEC CHECKSUMS:
  WNPlayer-ilongge: 27e1744ef16943ee21fce05e67acef6e08bd85a0

PODFILE CHECKSUM: 1c616241908b53c4533156184df45b854106f517

COCOAPODS: 1.10.2
